// !$*UTF8*$!
{
	archiveVersion = 1;
	classes = {
	};
	objectVersion = 50;
	objects = {

/* Begin PBXBuildFile section */
		83D0E44224FC76CB005BDDBB /* AppDelegate.swift in Sources */ = {isa = PBXBuildFile; fileRef = 83D0E44124FC76CB005BDDBB /* AppDelegate.swift */; };
		83D0E44424FC76CB005BDDBB /* SceneDelegate.swift in Sources */ = {isa = PBXBuildFile; fileRef = 83D0E44324FC76CB005BDDBB /* SceneDelegate.swift */; };
		83D0E44624FC76CB005BDDBB /* ContentView.swift in Sources */ = {isa = PBXBuildFile; fileRef = 83D0E44524FC76CB005BDDBB /* ContentView.swift */; };
		83D0E44824FC76CC005BDDBB /* Assets.xcassets in Resources */ = {isa = PBXBuildFile; fileRef = 83D0E44724FC76CC005BDDBB /* Assets.xcassets */; };
		83D0E44B24FC76CC005BDDBB /* Preview Assets.xcassets in Resources */ = {isa = PBXBuildFile; fileRef = 83D0E44A24FC76CC005BDDBB /* Preview Assets.xcassets */; };
		83D0E44E24FC76CC005BDDBB /* LaunchScreen.storyboard in Resources */ = {isa = PBXBuildFile; fileRef = 83D0E44C24FC76CC005BDDBB /* LaunchScreen.storyboard */; };
		83D0E45924FC76CC005BDDBB /* LandmarksTests.swift in Sources */ = {isa = PBXBuildFile; fileRef = 83D0E45824FC76CC005BDDBB /* LandmarksTests.swift */; };
		83D0E46424FC76CC005BDDBB /* LandmarksUITests.swift in Sources */ = {isa = PBXBuildFile; fileRef = 83D0E46324FC76CC005BDDBB /* LandmarksUITests.swift */; };
/* End PBXBuildFile section */

/* Begin PBXContainerItemProxy section */
		83D0E45524FC76CC005BDDBB /* PBXContainerItemProxy */ = {
			isa = PBXContainerItemProxy;
			containerPortal = 83D0E43624FC76CB005BDDBB /* Project object */;
			proxyType = 1;
			remoteGlobalIDString = 83D0E43D24FC76CB005BDDBB;
			remoteInfo = Landmarks;
		};
		83D0E46024FC76CC005BDDBB /* PBXContainerItemProxy */ = {
			isa = PBXContainerItemProxy;
			containerPortal = 83D0E43624FC76CB005BDDBB /* Project object */;
			proxyType = 1;
			remoteGlobalIDString = 83D0E43D24FC76CB005BDDBB;
			remoteInfo = Landmarks;
		};
/* End PBXContainerItemProxy section */

/* Begin PBXFileReference section */
		83D0E43E24FC76CB005BDDBB /* Landmarks.app */ = {isa = PBXFileReference; explicitFileType = wrapper.application; includeInIndex = 0; path = Landmarks.app; sourceTree = BUILT_PRODUCTS_DIR; };
		83D0E44124FC76CB005BDDBB /* AppDelegate.swift */ = {isa = PBXFileReference; lastKnownFileType = sourcecode.swift; path = AppDelegate.swift; sourceTree = "<group>"; };
		83D0E44324FC76CB005BDDBB /* SceneDelegate.swift */ = {isa = PBXFileReference; lastKnownFileType = sourcecode.swift; path = SceneDelegate.swift; sourceTree = "<group>"; };
		83D0E44524FC76CB005BDDBB /* ContentView.swift */ = {isa = PBXFileReference; lastKnownFileType = sourcecode.swift; path = ContentView.swift; sourceTree = "<group>"; };
		83D0E44724FC76CC005BDDBB /* Assets.xcassets */ = {isa = PBXFileReference; lastKnownFileType = folder.assetcatalog; path = Assets.xcassets; sourceTree = "<group>"; };
		83D0E44A24FC76CC005BDDBB /* Preview Assets.xcassets */ = {isa = PBXFileReference; lastKnownFileType = folder.assetcatalog; path = "Preview Assets.xcassets"; sourceTree = "<group>"; };
		83D0E44D24FC76CC005BDDBB /* Base */ = {isa = PBXFileReference; lastKnownFileType = file.storyboard; name = Base; path = Base.lproj/LaunchScreen.storyboard; sourceTree = "<group>"; };
		83D0E44F24FC76CC005BDDBB /* Info.plist */ = {isa = PBXFileReference; lastKnownFileType = text.plist.xml; path = Info.plist; sourceTree = "<group>"; };
		83D0E45424FC76CC005BDDBB /* LandmarksTests.xctest */ = {isa = PBXFileReference; explicitFileType = wrapper.cfbundle; includeInIndex = 0; path = LandmarksTests.xctest; sourceTree = BUILT_PRODUCTS_DIR; };
		83D0E45824FC76CC005BDDBB /* LandmarksTests.swift */ = {isa = PBXFileReference; lastKnownFileType = sourcecode.swift; path = LandmarksTests.swift; sourceTree = "<group>"; };
		83D0E45A24FC76CC005BDDBB /* Info.plist */ = {isa = PBXFileReference; lastKnownFileType = text.plist.xml; path = Info.plist; sourceTree = "<group>"; };
		83D0E45F24FC76CC005BDDBB /* LandmarksUITests.xctest */ = {isa = PBXFileReference; explicitFileType = wrapper.cfbundle; includeInIndex = 0; path = LandmarksUITests.xctest; sourceTree = BUILT_PRODUCTS_DIR; };
		83D0E46324FC76CC005BDDBB /* LandmarksUITests.swift */ = {isa = PBXFileReference; lastKnownFileType = sourcecode.swift; path = LandmarksUITests.swift; sourceTree = "<group>"; };
		83D0E46524FC76CC005BDDBB /* Info.plist */ = {isa = PBXFileReference; lastKnownFileType = text.plist.xml; path = Info.plist; sourceTree = "<group>"; };
/* End PBXFileReference section */

/* Begin PBXFrameworksBuildPhase section */
		83D0E43B24FC76CB005BDDBB /* Frameworks */ = {
			isa = PBXFrameworksBuildPhase;
			buildActionMask = 2147483647;
			files = (
			);
			runOnlyForDeploymentPostprocessing = 0;
		};
		83D0E45124FC76CC005BDDBB /* Frameworks */ = {
			isa = PBXFrameworksBuildPhase;
			buildActionMask = 2147483647;
			files = (
			);
			runOnlyForDeploymentPostprocessing = 0;
		};
		83D0E45C24FC76CC005BDDBB /* Frameworks */ = {
			isa = PBXFrameworksBuildPhase;
			buildActionMask = 2147483647;
			files = (
			);
			runOnlyForDeploymentPostprocessing = 0;
		};
/* End PBXFrameworksBuildPhase section */

/* Begin PBXGroup section */
		83D0E43524FC76CB005BDDBB = {
			isa = PBXGroup;
			children = (
				83D0E44024FC76CB005BDDBB /* Landmarks */,
				83D0E45724FC76CC005BDDBB /* LandmarksTests */,
				83D0E46224FC76CC005BDDBB /* LandmarksUITests */,
				83D0E43F24FC76CB005BDDBB /* Products */,
			);
			sourceTree = "<group>";
		};
		83D0E43F24FC76CB005BDDBB /* Products */ = {
			isa = PBXGroup;
			children = (
				83D0E43E24FC76CB005BDDBB /* Landmarks.app */,
				83D0E45424FC76CC005BDDBB /* LandmarksTests.xctest */,
				83D0E45F24FC76CC005BDDBB /* LandmarksUITests.xctest */,
			);
			name = Products;
			sourceTree = "<group>";
		};
		83D0E44024FC76CB005BDDBB /* Landmarks */ = {
			isa = PBXGroup;
			children = (
				83D0E44124FC76CB005BDDBB /* AppDelegate.swift */,
				83D0E44324FC76CB005BDDBB /* SceneDelegate.swift */,
				83D0E44524FC76CB005BDDBB /* ContentView.swift */,
				83D0E44724FC76CC005BDDBB /* Assets.xcassets */,
				83D0E44C24FC76CC005BDDBB /* LaunchScreen.storyboard */,
				83D0E44F24FC76CC005BDDBB /* Info.plist */,
				83D0E44924FC76CC005BDDBB /* Preview Content */,
			);
			path = Landmarks;
			sourceTree = "<group>";
		};
		83D0E44924FC76CC005BDDBB /* Preview Content */ = {
			isa = PBXGroup;
			children = (
				83D0E44A24FC76CC005BDDBB /* Preview Assets.xcassets */,
			);
			path = "Preview Content";
			sourceTree = "<group>";
		};
		83D0E45724FC76CC005BDDBB /* LandmarksTests */ = {
			isa = PBXGroup;
			children = (
				83D0E45824FC76CC005BDDBB /* LandmarksTests.swift */,
				83D0E45A24FC76CC005BDDBB /* Info.plist */,
			);
			path = LandmarksTests;
			sourceTree = "<group>";
		};
		83D0E46224FC76CC005BDDBB /* LandmarksUITests */ = {
			isa = PBXGroup;
			children = (
				83D0E46324FC76CC005BDDBB /* LandmarksUITests.swift */,
				83D0E46524FC76CC005BDDBB /* Info.plist */,
			);
			path = LandmarksUITests;
			sourceTree = "<group>";
		};
/* End PBXGroup section */

/* Begin PBXNativeTarget section */
		83D0E43D24FC76CB005BDDBB /* Landmarks */ = {
			isa = PBXNativeTarget;
			buildConfigurationList = 83D0E46824FC76CC005BDDBB /* Build configuration list for PBXNativeTarget "Landmarks" */;
			buildPhases = (
				83D0E43A24FC76CB005BDDBB /* Sources */,
				83D0E43B24FC76CB005BDDBB /* Frameworks */,
				83D0E43C24FC76CB005BDDBB /* Resources */,
			);
			buildRules = (
			);
			dependencies = (
			);
			name = Landmarks;
			productName = Landmarks;
			productReference = 83D0E43E24FC76CB005BDDBB /* Landmarks.app */;
			productType = "com.apple.product-type.application";
		};
		83D0E45324FC76CC005BDDBB /* LandmarksTests */ = {
			isa = PBXNativeTarget;
			buildConfigurationList = 83D0E46B24FC76CC005BDDBB /* Build configuration list for PBXNativeTarget "LandmarksTests" */;
			buildPhases = (
				83D0E45024FC76CC005BDDBB /* Sources */,
				83D0E45124FC76CC005BDDBB /* Frameworks */,
				83D0E45224FC76CC005BDDBB /* Resources */,
			);
			buildRules = (
			);
			dependencies = (
				83D0E45624FC76CC005BDDBB /* PBXTargetDependency */,
			);
			name = LandmarksTests;
			productName = LandmarksTests;
			productReference = 83D0E45424FC76CC005BDDBB /* LandmarksTests.xctest */;
			productType = "com.apple.product-type.bundle.unit-test";
		};
		83D0E45E24FC76CC005BDDBB /* LandmarksUITests */ = {
			isa = PBXNativeTarget;
			buildConfigurationList = 83D0E46E24FC76CC005BDDBB /* Build configuration list for PBXNativeTarget "LandmarksUITests" */;
			buildPhases = (
				83D0E45B24FC76CC005BDDBB /* Sources */,
				83D0E45C24FC76CC005BDDBB /* Frameworks */,
				83D0E45D24FC76CC005BDDBB /* Resources */,
			);
			buildRules = (
			);
			dependencies = (
				83D0E46124FC76CC005BDDBB /* PBXTargetDependency */,
			);
			name = LandmarksUITests;
			productName = LandmarksUITests;
			productReference = 83D0E45F24FC76CC005BDDBB /* LandmarksUITests.xctest */;
			productType = "com.apple.product-type.bundle.ui-testing";
		};
/* End PBXNativeTarget section */

/* Begin PBXProject section */
		83D0E43624FC76CB005BDDBB /* Project object */ = {
			isa = PBXProject;
			attributes = {
				LastSwiftUpdateCheck = 1160;
				LastUpgradeCheck = 1160;
				ORGANIZATIONNAME = "S. Matthew English";
				TargetAttributes = {
					83D0E43D24FC76CB005BDDBB = {
						CreatedOnToolsVersion = 11.6;
					};
					83D0E45324FC76CC005BDDBB = {
						CreatedOnToolsVersion = 11.6;
						TestTargetID = 83D0E43D24FC76CB005BDDBB;
					};
					83D0E45E24FC76CC005BDDBB = {
						CreatedOnToolsVersion = 11.6;
						TestTargetID = 83D0E43D24FC76CB005BDDBB;
					};
				};
			};
			buildConfigurationList = 83D0E43924FC76CB005BDDBB /* Build configuration list for PBXProject "Landmarks" */;
			compatibilityVersion = "Xcode 9.3";
			developmentRegion = en;
			hasScannedForEncodings = 0;
			knownRegions = (
				en,
				Base,
			);
			mainGroup = 83D0E43524FC76CB005BDDBB;
			productRefGroup = 83D0E43F24FC76CB005BDDBB /* Products */;
			projectDirPath = "";
			projectRoot = "";
			targets = (
				83D0E43D24FC76CB005BDDBB /* Landmarks */,
				83D0E45324FC76CC005BDDBB /* LandmarksTests */,
				83D0E45E24FC76CC005BDDBB /* LandmarksUITests */,
			);
		};
/* End PBXProject section */

/* Begin PBXResourcesBuildPhase section */
		83D0E43C24FC76CB005BDDBB /* Resources */ = {
			isa = PBXResourcesBuildPhase;
			buildActionMask = 2147483647;
			files = (
				83D0E44E24FC76CC005BDDBB /* LaunchScreen.storyboard in Resources */,
				83D0E44B24FC76CC005BDDBB /* Preview Assets.xcassets in Resources */,
				83D0E44824FC76CC005BDDBB /* Assets.xcassets in Resources */,
			);
			runOnlyForDeploymentPostprocessing = 0;
		};
		83D0E45224FC76CC005BDDBB /* Resources */ = {
			isa = PBXResourcesBuildPhase;
			buildActionMask = 2147483647;
			files = (
			);
			runOnlyForDeploymentPostprocessing = 0;
		};
		83D0E45D24FC76CC005BDDBB /* Resources */ = {
			isa = PBXResourcesBuildPhase;
			buildActionMask = 2147483647;
			files = (
			);
			runOnlyForDeploymentPostprocessing = 0;
		};
/* End PBXResourcesBuildPhase section */

/* Begin PBXSourcesBuildPhase section */
		83D0E43A24FC76CB005BDDBB /* Sources */ = {
			isa = PBXSourcesBuildPhase;
			buildActionMask = 2147483647;
			files = (
				83D0E44224FC76CB005BDDBB /* AppDelegate.swift in Sources */,
				83D0E44424FC76CB005BDDBB /* SceneDelegate.swift in Sources */,
				83D0E44624FC76CB005BDDBB /* ContentView.swift in Sources */,
			);
			runOnlyForDeploymentPostprocessing = 0;
		};
		83D0E45024FC76CC005BDDBB /* Sources */ = {
			isa = PBXSourcesBuildPhase;
			buildActionMask = 2147483647;
			files = (
				83D0E45924FC76CC005BDDBB /* LandmarksTests.swift in Sources */,
			);
			runOnlyForDeploymentPostprocessing = 0;
		};
		83D0E45B24FC76CC005BDDBB /* Sources */ = {
			isa = PBXSourcesBuildPhase;
			buildActionMask = 2147483647;
			files = (
				83D0E46424FC76CC005BDDBB /* LandmarksUITests.swift in Sources */,
			);
			runOnlyForDeploymentPostprocessing = 0;
		};
/* End PBXSourcesBuildPhase section */

/* Begin PBXTargetDependency section */
		83D0E45624FC76CC005BDDBB /* PBXTargetDependency */ = {
			isa = PBXTargetDependency;
			target = 83D0E43D24FC76CB005BDDBB /* Landmarks */;
			targetProxy = 83D0E45524FC76CC005BDDBB /* PBXContainerItemProxy */;
		};
		83D0E46124FC76CC005BDDBB /* PBXTargetDependency */ = {
			isa = PBXTargetDependency;
			target = 83D0E43D24FC76CB005BDDBB /* Landmarks */;
			targetProxy = 83D0E46024FC76CC005BDDBB /* PBXContainerItemProxy */;
		};
/* End PBXTargetDependency section */

/* Begin PBXVariantGroup section */
		83D0E44C24FC76CC005BDDBB /* LaunchScreen.storyboard */ = {
			isa = PBXVariantGroup;
			children = (
				83D0E44D24FC76CC005BDDBB /* Base */,
			);
			name = LaunchScreen.storyboard;
			sourceTree = "<group>";
		};
/* End PBXVariantGroup section */

/* Begin XCBuildConfiguration section */
		83D0E46624FC76CC005BDDBB /* Debug */ = {
			isa = XCBuildConfiguration;
			buildSettings = {
				ALWAYS_SEARCH_USER_PATHS = NO;
				CLANG_ANALYZER_NONNULL = YES;
				CLANG_ANALYZER_NUMBER_OBJECT_CONVERSION = YES_AGGRESSIVE;
				CLANG_CXX_LANGUAGE_STANDARD = "gnu++14";
				CLANG_CXX_LIBRARY = "libc++";
				CLANG_ENABLE_MODULES = YES;
				CLANG_ENABLE_OBJC_ARC = YES;
				CLANG_ENABLE_OBJC_WEAK = YES;
				CLANG_WARN_BLOCK_CAPTURE_AUTORELEASING = YES;
				CLANG_WARN_BOOL_CONVERSION = YES;
				CLANG_WARN_COMMA = YES;
				CLANG_WARN_CONSTANT_CONVERSION = YES;
				CLANG_WARN_DEPRECATED_OBJC_IMPLEMENTATIONS = YES;
				CLANG_WARN_DIRECT_OBJC_ISA_USAGE = YES_ERROR;
				CLANG_WARN_DOCUMENTATION_COMMENTS = YES;
				CLANG_WARN_EMPTY_BODY = YES;
				CLANG_WARN_ENUM_CONVERSION = YES;
				CLANG_WARN_INFINITE_RECURSION = YES;
				CLANG_WARN_INT_CONVERSION = YES;
				CLANG_WARN_NON_LITERAL_NULL_CONVERSION = YES;
				CLANG_WARN_OBJC_IMPLICIT_RETAIN_SELF = YES;
				CLANG_WARN_OBJC_LITERAL_CONVERSION = YES;
				CLANG_WARN_OBJC_ROOT_CLASS = YES_ERROR;
				CLANG_WARN_RANGE_LOOP_ANALYSIS = YES;
				CLANG_WARN_STRICT_PROTOTYPES = YES;
				CLANG_WARN_SUSPICIOUS_MOVE = YES;
				CLANG_WARN_UNGUARDED_AVAILABILITY = YES_AGGRESSIVE;
				CLANG_WARN_UNREACHABLE_CODE = YES;
				CLANG_WARN__DUPLICATE_METHOD_MATCH = YES;
				COPY_PHASE_STRIP = NO;
				DEBUG_INFORMATION_FORMAT = dwarf;
				ENABLE_STRICT_OBJC_MSGSEND = YES;
				ENABLE_TESTABILITY = YES;
				GCC_C_LANGUAGE_STANDARD = gnu11;
				GCC_DYNAMIC_NO_PIC = NO;
				GCC_NO_COMMON_BLOCKS = YES;
				GCC_OPTIMIZATION_LEVEL = 0;
				GCC_PREPROCESSOR_DEFINITIONS = (
					"DEBUG=1",
					"$(inherited)",
				);
				GCC_WARN_64_TO_32_BIT_CONVERSION = YES;
				GCC_WARN_ABOUT_RETURN_TYPE = YES_ERROR;
				GCC_WARN_UNDECLARED_SELECTOR = YES;
				GCC_WARN_UNINITIALIZED_AUTOS = YES_AGGRESSIVE;
				GCC_WARN_UNUSED_FUNCTION = YES;
				GCC_WARN_UNUSED_VARIABLE = YES;
				IPHONEOS_DEPLOYMENT_TARGET = 13.6;
				MTL_ENABLE_DEBUG_INFO = INCLUDE_SOURCE;
				MTL_FAST_MATH = YES;
				ONLY_ACTIVE_ARCH = YES;
				SDKROOT = iphoneos;
				SWIFT_ACTIVE_COMPILATION_CONDITIONS = DEBUG;
				SWIFT_OPTIMIZATION_LEVEL = "-Onone";
			};
			name = Debug;
		};
		83D0E46724FC76CC005BDDBB /* Release */ = {
			isa = XCBuildConfiguration;
			buildSettings = {
				ALWAYS_SEARCH_USER_PATHS = NO;
				CLANG_ANALYZER_NONNULL = YES;
				CLANG_ANALYZER_NUMBER_OBJECT_CONVERSION = YES_AGGRESSIVE;
				CLANG_CXX_LANGUAGE_STANDARD = "gnu++14";
				CLANG_CXX_LIBRARY = "libc++";
				CLANG_ENABLE_MODULES = YES;
				CLANG_ENABLE_OBJC_ARC = YES;
				CLANG_ENABLE_OBJC_WEAK = YES;
				CLANG_WARN_BLOCK_CAPTURE_AUTORELEASING = YES;
				CLANG_WARN_BOOL_CONVERSION = YES;
				CLANG_WARN_COMMA = YES;
				CLANG_WARN_CONSTANT_CONVERSION = YES;
				CLANG_WARN_DEPRECATED_OBJC_IMPLEMENTATIONS = YES;
				CLANG_WARN_DIRECT_OBJC_ISA_USAGE = YES_ERROR;
				CLANG_WARN_DOCUMENTATION_COMMENTS = YES;
				CLANG_WARN_EMPTY_BODY = YES;
				CLANG_WARN_ENUM_CONVERSION = YES;
				CLANG_WARN_INFINITE_RECURSION = YES;
				CLANG_WARN_INT_CONVERSION = YES;
				CLANG_WARN_NON_LITERAL_NULL_CONVERSION = YES;
				CLANG_WARN_OBJC_IMPLICIT_RETAIN_SELF = YES;
				CLANG_WARN_OBJC_LITERAL_CONVERSION = YES;
				CLANG_WARN_OBJC_ROOT_CLASS = YES_ERROR;
				CLANG_WARN_RANGE_LOOP_ANALYSIS = YES;
				CLANG_WARN_STRICT_PROTOTYPES = YES;
				CLANG_WARN_SUSPICIOUS_MOVE = YES;
				CLANG_WARN_UNGUARDED_AVAILABILITY = YES_AGGRESSIVE;
				CLANG_WARN_UNREACHABLE_CODE = YES;
				CLANG_WARN__DUPLICATE_METHOD_MATCH = YES;
				COPY_PHASE_STRIP = NO;
				DEBUG_INFORMATION_FORMAT = "dwarf-with-dsym";
				ENABLE_NS_ASSERTIONS = NO;
				ENABLE_STRICT_OBJC_MSGSEND = YES;
				GCC_C_LANGUAGE_STANDARD = gnu11;
				GCC_NO_COMMON_BLOCKS = YES;
				GCC_WARN_64_TO_32_BIT_CONVERSION = YES;
				GCC_WARN_ABOUT_RETURN_TYPE = YES_ERROR;
				GCC_WARN_UNDECLARED_SELECTOR = YES;
				GCC_WARN_UNINITIALIZED_AUTOS = YES_AGGRESSIVE;
				GCC_WARN_UNUSED_FUNCTION = YES;
				GCC_WARN_UNUSED_VARIABLE = YES;
				IPHONEOS_DEPLOYMENT_TARGET = 13.6;
				MTL_ENABLE_DEBUG_INFO = NO;
				MTL_FAST_MATH = YES;
				SDKROOT = iphoneos;
				SWIFT_COMPILATION_MODE = wholemodule;
				SWIFT_OPTIMIZATION_LEVEL = "-O";
				VALIDATE_PRODUCT = YES;
			};
			name = Release;
		};
		83D0E46924FC76CC005BDDBB /* Debug */ = {
			isa = XCBuildConfiguration;
			buildSettings = {
				ASSETCATALOG_COMPILER_APPICON_NAME = AppIcon;
				CODE_SIGN_STYLE = Automatic;
				DEVELOPMENT_ASSET_PATHS = "\"Landmarks/Preview Content\"";
				ENABLE_PREVIEWS = YES;
				INFOPLIST_FILE = Landmarks/Info.plist;
				LD_RUNPATH_SEARCH_PATHS = (
					"$(inherited)",
					"@executable_path/Frameworks",
				);
				PRODUCT_BUNDLE_IDENTIFIER = io.bahlsenwitz.Landmarks;
				PRODUCT_NAME = "$(TARGET_NAME)";
				SWIFT_VERSION = 5.0;
				TARGETED_DEVICE_FAMILY = "1,2";
			};
			name = Debug;
		};
		83D0E46A24FC76CC005BDDBB /* Release */ = {
			isa = XCBuildConfiguration;
			buildSettings = {
				ASSETCATALOG_COMPILER_APPICON_NAME = AppIcon;
				CODE_SIGN_STYLE = Automatic;
				DEVELOPMENT_ASSET_PATHS = "\"Landmarks/Preview Content\"";
				ENABLE_PREVIEWS = YES;
				INFOPLIST_FILE = Landmarks/Info.plist;
				LD_RUNPATH_SEARCH_PATHS = (
					"$(inherited)",
					"@executable_path/Frameworks",
				);
				PRODUCT_BUNDLE_IDENTIFIER = io.bahlsenwitz.Landmarks;
				PRODUCT_NAME = "$(TARGET_NAME)";
				SWIFT_VERSION = 5.0;
				TARGETED_DEVICE_FAMILY = "1,2";
			};
			name = Release;
		};
		83D0E46C24FC76CC005BDDBB /* Debug */ = {
			isa = XCBuildConfiguration;
			buildSettings = {
				ALWAYS_EMBED_SWIFT_STANDARD_LIBRARIES = YES;
				BUNDLE_LOADER = "$(TEST_HOST)";
				CODE_SIGN_STYLE = Automatic;
				INFOPLIST_FILE = LandmarksTests/Info.plist;
				IPHONEOS_DEPLOYMENT_TARGET = 13.6;
				LD_RUNPATH_SEARCH_PATHS = (
					"$(inherited)",
					"@executable_path/Frameworks",
					"@loader_path/Frameworks",
				);
				PRODUCT_BUNDLE_IDENTIFIER = io.bahlsenwitz.LandmarksTests;
				PRODUCT_NAME = "$(TARGET_NAME)";
				SWIFT_VERSION = 5.0;
				TARGETED_DEVICE_FAMILY = "1,2";
				TEST_HOST = "$(BUILT_PRODUCTS_DIR)/Landmarks.app/Landmarks";
			};
			name = Debug;
		};
		83D0E46D24FC76CC005BDDBB /* Release */ = {
			isa = XCBuildConfiguration;
			buildSettings = {
				ALWAYS_EMBED_SWIFT_STANDARD_LIBRARIES = YES;
				BUNDLE_LOADER = "$(TEST_HOST)";
				CODE_SIGN_STYLE = Automatic;
				INFOPLIST_FILE = LandmarksTests/Info.plist;
				IPHONEOS_DEPLOYMENT_TARGET = 13.6;
				LD_RUNPATH_SEARCH_PATHS = (
					"$(inherited)",
					"@executable_path/Frameworks",
					"@loader_path/Frameworks",
				);
				PRODUCT_BUNDLE_IDENTIFIER = io.bahlsenwitz.LandmarksTests;
				PRODUCT_NAME = "$(TARGET_NAME)";
				SWIFT_VERSION = 5.0;
				TARGETED_DEVICE_FAMILY = "1,2";
				TEST_HOST = "$(BUILT_PRODUCTS_DIR)/Landmarks.app/Landmarks";
			};
			name = Release;
		};
		83D0E46F24FC76CC005BDDBB /* Debug */ = {
			isa = XCBuildConfiguration;
			buildSettings = {
				ALWAYS_EMBED_SWIFT_STANDARD_LIBRARIES = YES;
				CODE_SIGN_STYLE = Automatic;
				INFOPLIST_FILE = LandmarksUITests/Info.plist;
				LD_RUNPATH_SEARCH_PATHS = (
					"$(inherited)",
					"@executable_path/Frameworks",
					"@loader_path/Frameworks",
				);
				PRODUCT_BUNDLE_IDENTIFIER = io.bahlsenwitz.LandmarksUITests;
				PRODUCT_NAME = "$(TARGET_NAME)";
				SWIFT_VERSION = 5.0;
				TARGETED_DEVICE_FAMILY = "1,2";
				TEST_TARGET_NAME = Landmarks;
			};
			name = Debug;
		};
		83D0E47024FC76CC005BDDBB /* Release */ = {
			isa = XCBuildConfiguration;
			buildSettings = {
				ALWAYS_EMBED_SWIFT_STANDARD_LIBRARIES = YES;
				CODE_SIGN_STYLE = Automatic;
				INFOPLIST_FILE = LandmarksUITests/Info.plist;
				LD_RUNPATH_SEARCH_PATHS = (
					"$(inherited)",
					"@executable_path/Frameworks",
					"@loader_path/Frameworks",
				);
				PRODUCT_BUNDLE_IDENTIFIER = io.bahlsenwitz.LandmarksUITests;
				PRODUCT_NAME = "$(TARGET_NAME)";
				SWIFT_VERSION = 5.0;
				TARGETED_DEVICE_FAMILY = "1,2";
				TEST_TARGET_NAME = Landmarks;
			};
			name = Release;
		};
/* End XCBuildConfiguration section */

/* Begin XCConfigurationList section */
		83D0E43924FC76CB005BDDBB /* Build configuration list for PBXProject "Landmarks" */ = {
			isa = XCConfigurationList;
			buildConfigurations = (
				83D0E46624FC76CC005BDDBB /* Debug */,
				83D0E46724FC76CC005BDDBB /* Release */,
			);
			defaultConfigurationIsVisible = 0;
			defaultConfigurationName = Release;
		};
		83D0E46824FC76CC005BDDBB /* Build configuration list for PBXNativeTarget "Landmarks" */ = {
			isa = XCConfigurationList;
			buildConfigurations = (
				83D0E46924FC76CC005BDDBB /* Debug */,
				83D0E46A24FC76CC005BDDBB /* Release */,
			);
			defaultConfigurationIsVisible = 0;
			defaultConfigurationName = Release;
		};
		83D0E46B24FC76CC005BDDBB /* Build configuration list for PBXNativeTarget "LandmarksTests" */ = {
			isa = XCConfigurationList;
			buildConfigurations = (
				83D0E46C24FC76CC005BDDBB /* Debug */,
				83D0E46D24FC76CC005BDDBB /* Release */,
			);
			defaultConfigurationIsVisible = 0;
			defaultConfigurationName = Release;
		};
		83D0E46E24FC76CC005BDDBB /* Build configuration list for PBXNativeTarget "LandmarksUITests" */ = {
			isa = XCConfigurationList;
			buildConfigurations = (
				83D0E46F24FC76CC005BDDBB /* Debug */,
				83D0E47024FC76CC005BDDBB /* Release */,
			);
			defaultConfigurationIsVisible = 0;
			defaultConfigurationName = Release;
		};
/* End XCConfigurationList section */
	};
	rootObject = 83D0E43624FC76CB005BDDBB /* Project object */;
}
